
Microsoft Visual Studio Solution File, Format Version 12.00
# Visual Studio 15
VisualStudioVersion = 15.0.28307.705
MinimumVisualStudioVersion = 10.0.40219.1
Project("{FAE04EC0-301F-11D3-BF4B-00C04F79EFBC}") = "evdebitti", "evdebitti\evdebitti.csproj", "{84D7216F-23A0-4A46-A79E-D6F1FAE913D4}"
EndProject
Project("{FAE04EC0-301F-11D3-BF4B-00C04F79EFBC}") = "MVC_Uygulama", "..\AdminPaneli\MVC_Uygulama\MVC_Uygulama\MVC_Uygulama.csproj", "{473C42A7-D7A0-4ACA-9AA6-3409774678F8}"
EndProject
Global
	GlobalSection(SolutionConfigurationPlatforms) = preSolution
		Debug|Any CPU = Debug|Any CPU
		Release|Any CPU = Release|Any CPU
	EndGlobalSection
	GlobalSection(ProjectConfigurationPlatforms) = postSolution
		{84D7216F-23A0-4A46-A79E-D6F1FAE913D4}.Debug|Any CPU.ActiveCfg = Debug|Any CPU
		{84D7216F-23A0-4A46-A79E-D6F1FAE913D4}.Debug|Any CPU.Build.0 = Debug|Any CPU
		{84D7216F-23A0-4A46-A79E-D6F1FAE913D4}.Release|Any CPU.ActiveCfg = Release|Any CPU
		{84D7216F-23A0-4A46-A79E-D6F1FAE913D4}.Release|Any CPU.Build.0 = Release|Any CPU
		{473C42A7-D7A0-4ACA-9AA6-3409774678F8}.Debug|Any CPU.ActiveCfg = Debug|Any CPU
		{473C42A7-D7A0-4ACA-9AA6-3409774678F8}.Debug|Any CPU.Build.0 = Debug|Any CPU
		{473C42A7-D7A0-4ACA-9AA6-3409774678F8}.Release|Any CPU.ActiveCfg = Release|Any CPU
		{473C42A7-D7A0-4ACA-9AA6-3409774678F8}.Release|Any CPU.Build.0 = Release|Any CPU
	EndGlobalSection
	GlobalSection(SolutionProperties) = preSolution
		HideSolutionNode = FALSE
	EndGlobalSection
	GlobalSection(ExtensibilityGlobals) = postSolution
		SolutionGuid = {EF55411A-6D18-4FBE-B183-FBF9C2F6BCF2}
	EndGlobalSection
EndGlobal
